
Microsoft Visual Studio Solution File, Format Version 12.00
# Visual Studio Version 16
VisualStudioVersion = 16.0.30002.166
MinimumVisualStudioVersion = 10.0.40219.1
Project("{9A19103F-16F7-4668-BE54-9A1E7A4F7556}") = "AspCoreDemoProject", "AspCoreDemoProject\AspCoreDemoProject.csproj", "{58E48515-6DC2-4D95-8D84-2E02D6FE1D87}"
EndProject
Project("{9A19103F-16F7-4668-BE54-9A1E7A4F7556}") = "InversionOfControl", "InversionOfControl\InversionOfControl.csproj", "{945AA9DD-F6C1-48BC-AF1C-D6C653C2F2E0}"
EndProject
Project("{9A19103F-16F7-4668-BE54-9A1E7A4F7556}") = "AspCoreDemoProjectSwaggerDemo", "AspCoreDemoProjectSwaggerDemo\AspCoreDemoProjectSwaggerDemo.csproj", "{40BD0D6D-BEDA-4A2F-89E0-7764B74B8AB7}"
EndProject
Project("{9A19103F-16F7-4668-BE54-9A1E7A4F7556}") = "ClassDemo", "ClassDemo\ClassDemo.csproj", "{C72C1698-532E-4FAC-BDB6-995996990CDD}"
EndProject
Project("{9A19103F-16F7-4668-BE54-9A1E7A4F7556}") = "AspCoreTokenDemo", "AspCoreTokenDemo\AspCoreTokenDemo.csproj", "{3188622C-5794-45A0-8F3A-033ECDD26791}"
EndProject
Project("{9A19103F-16F7-4668-BE54-9A1E7A4F7556}") = "AspCoreTokenDemoNew", "AspCoreTokenDemoNew\AspCoreTokenDemoNew.csproj", "{709DD318-07C2-4167-B7B1-A1CA6EE44A49}"
EndProject
Project("{FAE04EC0-301F-11D3-BF4B-00C04F79EFBC}") = "WebApplication1", "WebApplication1\WebApplication1.csproj", "{D903C1A3-775A-4F8F-A796-3D076D157D8F}"
EndProject
Global
	GlobalSection(SolutionConfigurationPlatforms) = preSolution
		Debug|Any CPU = Debug|Any CPU
		Release|Any CPU = Release|Any CPU
	EndGlobalSection
	GlobalSection(ProjectConfigurationPlatforms) = postSolution
		{58E48515-6DC2-4D95-8D84-2E02D6FE1D87}.Debug|Any CPU.ActiveCfg = Debug|Any CPU
		{58E48515-6DC2-4D95-8D84-2E02D6FE1D87}.Debug|Any CPU.Build.0 = Debug|Any CPU
		{58E48515-6DC2-4D95-8D84-2E02D6FE1D87}.Release|Any CPU.ActiveCfg = Release|Any CPU
		{58E48515-6DC2-4D95-8D84-2E02D6FE1D87}.Release|Any CPU.Build.0 = Release|Any CPU
		{945AA9DD-F6C1-48BC-AF1C-D6C653C2F2E0}.Debug|Any CPU.ActiveCfg = Debug|Any CPU
		{945AA9DD-F6C1-48BC-AF1C-D6C653C2F2E0}.Debug|Any CPU.Build.0 = Debug|Any CPU
		{945AA9DD-F6C1-48BC-AF1C-D6C653C2F2E0}.Release|Any CPU.ActiveCfg = Release|Any CPU
		{945AA9DD-F6C1-48BC-AF1C-D6C653C2F2E0}.Release|Any CPU.Build.0 = Release|Any CPU
		{40BD0D6D-BEDA-4A2F-89E0-7764B74B8AB7}.Debug|Any CPU.ActiveCfg = Debug|Any CPU
		{40BD0D6D-BEDA-4A2F-89E0-7764B74B8AB7}.Debug|Any CPU.Build.0 = Debug|Any CPU
		{40BD0D6D-BEDA-4A2F-89E0-7764B74B8AB7}.Release|Any CPU.ActiveCfg = Release|Any CPU
		{40BD0D6D-BEDA-4A2F-89E0-7764B74B8AB7}.Release|Any CPU.Build.0 = Release|Any CPU
		{C72C1698-532E-4FAC-BDB6-995996990CDD}.Debug|Any CPU.ActiveCfg = Debug|Any CPU
		{C72C1698-532E-4FAC-BDB6-995996990CDD}.Debug|Any CPU.Build.0 = Debug|Any CPU
		{C72C1698-532E-4FAC-BDB6-995996990CDD}.Release|Any CPU.ActiveCfg = Release|Any CPU
		{C72C1698-532E-4FAC-BDB6-995996990CDD}.Release|Any CPU.Build.0 = Release|Any CPU
		{3188622C-5794-45A0-8F3A-033ECDD26791}.Debug|Any CPU.ActiveCfg = Debug|Any CPU
		{3188622C-5794-45A0-8F3A-033ECDD26791}.Debug|Any CPU.Build.0 = Debug|Any CPU
		{3188622C-5794-45A0-8F3A-033ECDD26791}.Release|Any CPU.ActiveCfg = Release|Any CPU
		{3188622C-5794-45A0-8F3A-033ECDD26791}.Release|Any CPU.Build.0 = Release|Any CPU
		{709DD318-07C2-4167-B7B1-A1CA6EE44A49}.Debug|Any CPU.ActiveCfg = Debug|Any CPU
		{709DD318-07C2-4167-B7B1-A1CA6EE44A49}.Debug|Any CPU.Build.0 = Debug|Any CPU
		{709DD318-07C2-4167-B7B1-A1CA6EE44A49}.Release|Any CPU.ActiveCfg = Release|Any CPU
		{709DD318-07C2-4167-B7B1-A1CA6EE44A49}.Release|Any CPU.Build.0 = Release|Any CPU
		{D903C1A3-775A-4F8F-A796-3D076D157D8F}.Debug|Any CPU.ActiveCfg = Debug|Any CPU
		{D903C1A3-775A-4F8F-A796-3D076D157D8F}.Debug|Any CPU.Build.0 = Debug|Any CPU
		{D903C1A3-775A-4F8F-A796-3D076D157D8F}.Release|Any CPU.ActiveCfg = Release|Any CPU
		{D903C1A3-775A-4F8F-A796-3D076D157D8F}.Release|Any CPU.Build.0 = Release|Any CPU
	EndGlobalSection
	GlobalSection(SolutionProperties) = preSolution
		HideSolutionNode = FALSE
	EndGlobalSection
	GlobalSection(ExtensibilityGlobals) = postSolution
		SolutionGuid = {05A49A37-EA65-4794-99F3-2B2E0B4F2F95}
	EndGlobalSection
EndGlobal
